
Microsoft Visual Studio Solution File, Format Version 12.00
# Visual Studio Version 16
VisualStudioVersion = 16.0.31410.223
MinimumVisualStudioVersion = 10.0.40219.1
Project("{8BC9CEB8-8B4A-11D0-8D11-00A0C91BC942}") = "go-z3.vcxproj", "go-z3.vcxproj.vcxproj", "{0FF474CB-4601-43E0-9033-741E02A9BD51}"
EndProject
Global
	GlobalSection(SolutionConfigurationPlatforms) = preSolution
		Debug|x64 = Debug|x64
		Debug|x86 = Debug|x86
		Release|x64 = Release|x64
		Release|x86 = Release|x86
	EndGlobalSection
	GlobalSection(ProjectConfigurationPlatforms) = postSolution
		{0FF474CB-4601-43E0-9033-741E02A9BD51}.Debug|x64.ActiveCfg = Debug|x64
		{0FF474CB-4601-43E0-9033-741E02A9BD51}.Debug|x64.Build.0 = Debug|x64
		{0FF474CB-4601-43E0-9033-741E02A9BD51}.Debug|x86.ActiveCfg = Debug|Win32
		{0FF474CB-4601-43E0-9033-741E02A9BD51}.Debug|x86.Build.0 = Debug|Win32
		{0FF474CB-4601-43E0-9033-741E02A9BD51}.Release|x64.ActiveCfg = Release|x64
		{0FF474CB-4601-43E0-9033-741E02A9BD51}.Release|x64.Build.0 = Release|x64
		{0FF474CB-4601-43E0-9033-741E02A9BD51}.Release|x86.ActiveCfg = Release|Win32
		{0FF474CB-4601-43E0-9033-741E02A9BD51}.Release|x86.Build.0 = Release|Win32
	EndGlobalSection
	GlobalSection(SolutionProperties) = preSolution
		HideSolutionNode = FALSE
	EndGlobalSection
	GlobalSection(ExtensibilityGlobals) = postSolution
		SolutionGuid = {686BF484-F346-4F49-8511-3C418B68FB14}
	EndGlobalSection
EndGlobal
